// !$*UTF8*$!
{
	archiveVersion = 1;
	classes = {
	};
	objectVersion = 77;
	objects = {

/* Begin PBXBuildFile section */
		D5A7F9AC2DD9D0080010E29D /* AnimateText in Frameworks */ = {isa = PBXBuildFile; productRef = D5A7F9AB2DD9D0080010E29D /* AnimateText */; };
		D5A7F9DC2DDADA130010E29D /* FluidGradient in Frameworks */ = {isa = PBXBuildFile; productRef = D5A7F9DB2DDADA130010E29D /* FluidGradient */; };
/* End PBXBuildFile section */

/* Begin PBXFileReference section */
		D59C76A12DD0919E0067E656 /* money.app */ = {isa = PBXFileReference; explicitFileType = wrapper.application; includeInIndex = 0; path = money.app; sourceTree = BUILT_PRODUCTS_DIR; };
/* End PBXFileReference section */

/* Begin PBXFileSystemSynchronizedBuildFileExceptionSet section */
		D5498F3D2DD43590009CC524 /* Exceptions for "money" folder in "money" target */ = {
			isa = PBXFileSystemSynchronizedBuildFileExceptionSet;
			membershipExceptions = (
				Assets.xcassets,
				Components/AmountDisplay.swift,
				Components/AppIcon.swift,
				Components/AppIconView.swift,
				Components/CollapsibleGroup.swift,
				Components/CustomWeekCalendar.swift,
				Components/ExpandedList.swift,
				Components/IconInputView.swift,
				Components/NumberInputView.swift,
				Components/SafeImageView.swift,
				Components/Sheet/AlertSheet.swift,
				Components/Sheet/SheetManager.swift,
				Components/TapAnimateTextView.swift,
				General/Interpolation.swift,
				General/TaskSeconds.swift,
				Models/Account.swift,
				Models/Consumer.swift,
				Models/TransactionCategory.swift,
				Models/TransactionRecord.swift,
				moneyApp.swift,
				"Preview Content/Preview Assets.xcassets",
				"Preview Content/TransactionSamples.swift",
				Resources/Localizable.xcstrings,
				Utilities/Formatter.swift,
				Utilities/HapticManager.swift,
				Utilities/HeightReader.swift,
				Utilities/LocationManager.swift,
				Utilities/ThemeManager.swift,
				Views/Account/AccountDetailView.swift,
				Views/Account/AccountsView.swift,
				Views/Account/AddAccountView.swift,
				Views/AddEditCategoryView.swift,
				Views/CalendarDatePickerSheet.swift,
				Views/Category/CategoriesView.swift,
				Views/Category/SubcategoriesView.swift,
				Views/ConsumerView.swift,
				Views/ICloud/CloudKitManager.swift,
				Views/ICloud/CloudKitSettingsView.swift,
				Views/MainTabView.swift,
				Views/Playground.swift,
				Views/RecordTimelineView.swift,
				Views/SettingsView.swift,
				Views/StatisticView.swift,
				Views/Theme/Theme.swift,
				Views/TransactionRecord/AddTransactionView.swift,
				Views/TransactionRecord/DetailedMapView.swift,
				Views/TransactionRecord/ParkingSpotShowcaseView.swift,
				Views/TransactionRecord/TransactionDetailView.swift,
				Views/TransactionRecord/TransactionRow.swift,
			);
			target = D59C76A02DD0919E0067E656 /* money */;
		};
/* End PBXFileSystemSynchronizedBuildFileExceptionSet section */

/* Begin PBXFileSystemSynchronizedRootGroup section */
		D5498F0B2DD43586009CC524 /* money */ = {
			isa = PBXFileSystemSynchronizedRootGroup;
			exceptions = (
				D5498F3D2DD43590009CC524 /* Exceptions for "money" folder in "money" target */,
			);
			path = money;
			sourceTree = "<group>";
		};
/* End PBXFileSystemSynchronizedRootGroup section */

/* Begin PBXFrameworksBuildPhase section */
		D59C769E2DD0919E0067E656 /* Frameworks */ = {
			isa = PBXFrameworksBuildPhase;
			buildActionMask = 2147483647;
			files = (
				D5A7F9AC2DD9D0080010E29D /* AnimateText in Frameworks */,
				D5A7F9DC2DDADA130010E29D /* FluidGradient in Frameworks */,
			);
			runOnlyForDeploymentPostprocessing = 0;
		};
/* End PBXFrameworksBuildPhase section */

/* Begin PBXGroup section */
		D59C76982DD0919E0067E656 = {
			isa = PBXGroup;
			children = (
				D59C76A22DD0919E0067E656 /* Products */,
				D5498F0B2DD43586009CC524 /* money */,
			);
			sourceTree = "<group>";
		};
		D59C76A22DD0919E0067E656 /* Products */ = {
			isa = PBXGroup;
			children = (
				D59C76A12DD0919E0067E656 /* money.app */,
			);
			name = Products;
			sourceTree = "<group>";
		};
/* End PBXGroup section */

/* Begin PBXNativeTarget section */
		D59C76A02DD0919E0067E656 /* money */ = {
			isa = PBXNativeTarget;
			buildConfigurationList = D59C76B22DD091A00067E656 /* Build configuration list for PBXNativeTarget "money" */;
			buildPhases = (
				D59C769D2DD0919E0067E656 /* Sources */,
				D59C769E2DD0919E0067E656 /* Frameworks */,
				D59C769F2DD0919E0067E656 /* Resources */,
			);
			buildRules = (
			);
			dependencies = (
			);
			name = money;
			packageProductDependencies = (
				D5A7F9AB2DD9D0080010E29D /* AnimateText */,
				D5A7F9DB2DDADA130010E29D /* FluidGradient */,
			);
			productName = money;
			productReference = D59C76A12DD0919E0067E656 /* money.app */;
			productType = "com.apple.product-type.application";
		};
/* End PBXNativeTarget section */

/* Begin PBXProject section */
		D59C76992DD0919E0067E656 /* Project object */ = {
			isa = PBXProject;
			attributes = {
				BuildIndependentTargetsInParallel = 1;
				LastSwiftUpdateCheck = 1620;
				LastUpgradeCheck = 1620;
				TargetAttributes = {
					D59C76A02DD0919E0067E656 = {
						CreatedOnToolsVersion = 16.2;
					};
				};
			};
			buildConfigurationList = D59C769C2DD0919E0067E656 /* Build configuration list for PBXProject "money" */;
			developmentRegion = en;
			hasScannedForEncodings = 0;
			knownRegions = (
				en,
				Base,
			);
			mainGroup = D59C76982DD0919E0067E656;
			minimizedProjectReferenceProxies = 1;
			packageReferences = (
				D5A7F9AA2DD9D0080010E29D /* XCRemoteSwiftPackageReference "AnimateText" */,
				D5A7F9DA2DDADA130010E29D /* XCRemoteSwiftPackageReference "FluidGradient" */,
			);
			preferredProjectObjectVersion = 77;
			productRefGroup = D59C76A22DD0919E0067E656 /* Products */;
			projectDirPath = "";
			projectRoot = "";
			targets = (
				D59C76A02DD0919E0067E656 /* money */,
			);
		};
/* End PBXProject section */

/* Begin PBXResourcesBuildPhase section */
		D59C769F2DD0919E0067E656 /* Resources */ = {
			isa = PBXResourcesBuildPhase;
			buildActionMask = 2147483647;
			files = (
			);
			runOnlyForDeploymentPostprocessing = 0;
		};
/* End PBXResourcesBuildPhase section */

/* Begin PBXSourcesBuildPhase section */
		D59C769D2DD0919E0067E656 /* Sources */ = {
			isa = PBXSourcesBuildPhase;
			buildActionMask = 2147483647;
			files = (
			);
			runOnlyForDeploymentPostprocessing = 0;
		};
/* End PBXSourcesBuildPhase section */

/* Begin XCBuildConfiguration section */
		D59C76B32DD091A00067E656 /* Debug */ = {
			isa = XCBuildConfiguration;
			buildSettings = {
				ASSETCATALOG_COMPILER_APPICON_NAME = AppIcon;
				ASSETCATALOG_COMPILER_GLOBAL_ACCENT_COLOR_NAME = AccentColor;
				CODE_SIGN_ENTITLEMENTS = money/money.entitlements;
				CODE_SIGN_STYLE = Automatic;
				CURRENT_PROJECT_VERSION = 1;
				DEVELOPMENT_ASSET_PATHS = "\"money/Preview Content\"";
				DEVELOPMENT_TEAM = 43FGVSF5ST;
				ENABLE_PREVIEWS = YES;
				GENERATE_INFOPLIST_FILE = YES;
				INFOPLIST_FILE = money/Info.plist;
				INFOPLIST_KEY_UIApplicationSceneManifest_Generation = YES;
				INFOPLIST_KEY_UIApplicationSupportsIndirectInputEvents = YES;
				INFOPLIST_KEY_UILaunchScreen_Generation = YES;
				INFOPLIST_KEY_UISupportedInterfaceOrientations_iPad = "UIInterfaceOrientationPortrait UIInterfaceOrientationPortraitUpsideDown UIInterfaceOrientationLandscapeLeft UIInterfaceOrientationLandscapeRight";
				INFOPLIST_KEY_UISupportedInterfaceOrientations_iPhone = "UIInterfaceOrientationPortrait UIInterfaceOrientationLandscapeLeft UIInterfaceOrientationLandscapeRight";
				LD_RUNPATH_SEARCH_PATHS = (
					"$(inherited)",
					"@executable_path/Frameworks",
				);
				MARKETING_VERSION = 1.0;
				PRODUCT_BUNDLE_IDENTIFIER = com.yo.money;
				PRODUCT_NAME = "$(TARGET_NAME)";
				SWIFT_EMIT_LOC_STRINGS = YES;
				SWIFT_VERSION = 5.0;
				TARGETED_DEVICE_FAMILY = "1,2";
			};
			name = Debug;
		};
		D59C76B42DD091A00067E656 /* Release */ = {
			isa = XCBuildConfiguration;
			buildSettings = {
				ASSETCATALOG_COMPILER_APPICON_NAME = AppIcon;
				ASSETCATALOG_COMPILER_GLOBAL_ACCENT_COLOR_NAME = AccentColor;
				CODE_SIGN_ENTITLEMENTS = money/money.entitlements;
				CODE_SIGN_STYLE = Automatic;
				CURRENT_PROJECT_VERSION = 1;
				DEVELOPMENT_ASSET_PATHS = "\"money/Preview Content\"";
				DEVELOPMENT_TEAM = 43FGVSF5ST;
				ENABLE_PREVIEWS = YES;
				GENERATE_INFOPLIST_FILE = YES;
				INFOPLIST_FILE = money/Info.plist;
				INFOPLIST_KEY_UIApplicationSceneManifest_Generation = YES;
				INFOPLIST_KEY_UIApplicationSupportsIndirectInputEvents = YES;
				INFOPLIST_KEY_UILaunchScreen_Generation = YES;
				INFOPLIST_KEY_UISupportedInterfaceOrientations_iPad = "UIInterfaceOrientationPortrait UIInterfaceOrientationPortraitUpsideDown UIInterfaceOrientationLandscapeLeft UIInterfaceOrientationLandscapeRight";
				INFOPLIST_KEY_UISupportedInterfaceOrientations_iPhone = "UIInterfaceOrientationPortrait UIInterfaceOrientationLandscapeLeft UIInterfaceOrientationLandscapeRight";
				LD_RUNPATH_SEARCH_PATHS = (
					"$(inherited)",
					"@executable_path/Frameworks",
				);
				MARKETING_VERSION = 1.0;
				PRODUCT_BUNDLE_IDENTIFIER = com.yo.money;
				PRODUCT_NAME = "$(TARGET_NAME)";
				SWIFT_EMIT_LOC_STRINGS = YES;
				SWIFT_VERSION = 5.0;
				TARGETED_DEVICE_FAMILY = "1,2";
			};
			name = Release;
		};
		D59C76B52DD091A00067E656 /* Debug */ = {
			isa = XCBuildConfiguration;
			buildSettings = {
				ALWAYS_SEARCH_USER_PATHS = NO;
				ASSETCATALOG_COMPILER_GENERATE_SWIFT_ASSET_SYMBOL_EXTENSIONS = YES;
				CLANG_ANALYZER_NONNULL = YES;
				CLANG_ANALYZER_NUMBER_OBJECT_CONVERSION = YES_AGGRESSIVE;
				CLANG_CXX_LANGUAGE_STANDARD = "gnu++20";
				CLANG_ENABLE_MODULES = YES;
				CLANG_ENABLE_OBJC_ARC = YES;
				CLANG_ENABLE_OBJC_WEAK = YES;
				CLANG_WARN_BLOCK_CAPTURE_AUTORELEASING = YES;
				CLANG_WARN_BOOL_CONVERSION = YES;
				CLANG_WARN_COMMA = YES;
				CLANG_WARN_CONSTANT_CONVERSION = YES;
				CLANG_WARN_DEPRECATED_OBJC_IMPLEMENTATIONS = YES;
				CLANG_WARN_DIRECT_OBJC_ISA_USAGE = YES_ERROR;
				CLANG_WARN_DOCUMENTATION_COMMENTS = YES;
				CLANG_WARN_EMPTY_BODY = YES;
				CLANG_WARN_ENUM_CONVERSION = YES;
				CLANG_WARN_INFINITE_RECURSION = YES;
				CLANG_WARN_INT_CONVERSION = YES;
				CLANG_WARN_NON_LITERAL_NULL_CONVERSION = YES;
				CLANG_WARN_OBJC_IMPLICIT_RETAIN_SELF = YES;
				CLANG_WARN_OBJC_LITERAL_CONVERSION = YES;
				CLANG_WARN_OBJC_ROOT_CLASS = YES_ERROR;
				CLANG_WARN_QUOTED_INCLUDE_IN_FRAMEWORK_HEADER = YES;
				CLANG_WARN_RANGE_LOOP_ANALYSIS = YES;
				CLANG_WARN_STRICT_PROTOTYPES = YES;
				CLANG_WARN_SUSPICIOUS_MOVE = YES;
				CLANG_WARN_UNGUARDED_AVAILABILITY = YES_AGGRESSIVE;
				CLANG_WARN_UNREACHABLE_CODE = YES;
				CLANG_WARN__DUPLICATE_METHOD_MATCH = YES;
				COPY_PHASE_STRIP = NO;
				DEBUG_INFORMATION_FORMAT = dwarf;
				ENABLE_STRICT_OBJC_MSGSEND = YES;
				ENABLE_TESTABILITY = YES;
				ENABLE_USER_SCRIPT_SANDBOXING = YES;
				GCC_C_LANGUAGE_STANDARD = gnu17;
				GCC_DYNAMIC_NO_PIC = NO;
				GCC_NO_COMMON_BLOCKS = YES;
				GCC_OPTIMIZATION_LEVEL = 0;
				GCC_PREPROCESSOR_DEFINITIONS = (
					"DEBUG=1",
					"$(inherited)",
				);
				GCC_WARN_64_TO_32_BIT_CONVERSION = YES;
				GCC_WARN_ABOUT_RETURN_TYPE = YES_ERROR;
				GCC_WARN_UNDECLARED_SELECTOR = YES;
				GCC_WARN_UNINITIALIZED_AUTOS = YES_AGGRESSIVE;
				GCC_WARN_UNUSED_FUNCTION = YES;
				GCC_WARN_UNUSED_VARIABLE = YES;
				IPHONEOS_DEPLOYMENT_TARGET = 18.2;
				LOCALIZATION_PREFERS_STRING_CATALOGS = YES;
				MTL_ENABLE_DEBUG_INFO = INCLUDE_SOURCE;
				MTL_FAST_MATH = YES;
				ONLY_ACTIVE_ARCH = YES;
				SDKROOT = iphoneos;
				SWIFT_ACTIVE_COMPILATION_CONDITIONS = "DEBUG $(inherited)";
				SWIFT_OPTIMIZATION_LEVEL = "-Onone";
			};
			name = Debug;
		};
		D59C76B62DD091A00067E656 /* Release */ = {
			isa = XCBuildConfiguration;
			buildSettings = {
				ALWAYS_SEARCH_USER_PATHS = NO;
				ASSETCATALOG_COMPILER_GENERATE_SWIFT_ASSET_SYMBOL_EXTENSIONS = YES;
				CLANG_ANALYZER_NONNULL = YES;
				CLANG_ANALYZER_NUMBER_OBJECT_CONVERSION = YES_AGGRESSIVE;
				CLANG_CXX_LANGUAGE_STANDARD = "gnu++20";
				CLANG_ENABLE_MODULES = YES;
				CLANG_ENABLE_OBJC_ARC = YES;
				CLANG_ENABLE_OBJC_WEAK = YES;
				CLANG_WARN_BLOCK_CAPTURE_AUTORELEASING = YES;
				CLANG_WARN_BOOL_CONVERSION = YES;
				CLANG_WARN_COMMA = YES;
				CLANG_WARN_CONSTANT_CONVERSION = YES;
				CLANG_WARN_DEPRECATED_OBJC_IMPLEMENTATIONS = YES;
				CLANG_WARN_DIRECT_OBJC_ISA_USAGE = YES_ERROR;
				CLANG_WARN_DOCUMENTATION_COMMENTS = YES;
				CLANG_WARN_EMPTY_BODY = YES;
				CLANG_WARN_ENUM_CONVERSION = YES;
				CLANG_WARN_INFINITE_RECURSION = YES;
				CLANG_WARN_INT_CONVERSION = YES;
				CLANG_WARN_NON_LITERAL_NULL_CONVERSION = YES;
				CLANG_WARN_OBJC_IMPLICIT_RETAIN_SELF = YES;
				CLANG_WARN_OBJC_LITERAL_CONVERSION = YES;
				CLANG_WARN_OBJC_ROOT_CLASS = YES_ERROR;
				CLANG_WARN_QUOTED_INCLUDE_IN_FRAMEWORK_HEADER = YES;
				CLANG_WARN_RANGE_LOOP_ANALYSIS = YES;
				CLANG_WARN_STRICT_PROTOTYPES = YES;
				CLANG_WARN_SUSPICIOUS_MOVE = YES;
				CLANG_WARN_UNGUARDED_AVAILABILITY = YES_AGGRESSIVE;
				CLANG_WARN_UNREACHABLE_CODE = YES;
				CLANG_WARN__DUPLICATE_METHOD_MATCH = YES;
				COPY_PHASE_STRIP = NO;
				DEBUG_INFORMATION_FORMAT = "dwarf-with-dsym";
				ENABLE_NS_ASSERTIONS = NO;
				ENABLE_STRICT_OBJC_MSGSEND = YES;
				ENABLE_USER_SCRIPT_SANDBOXING = YES;
				GCC_C_LANGUAGE_STANDARD = gnu17;
				GCC_NO_COMMON_BLOCKS = YES;
				GCC_WARN_64_TO_32_BIT_CONVERSION = YES;
				GCC_WARN_ABOUT_RETURN_TYPE = YES_ERROR;
				GCC_WARN_UNDECLARED_SELECTOR = YES;
				GCC_WARN_UNINITIALIZED_AUTOS = YES_AGGRESSIVE;
				GCC_WARN_UNUSED_FUNCTION = YES;
				GCC_WARN_UNUSED_VARIABLE = YES;
				IPHONEOS_DEPLOYMENT_TARGET = 18.2;
				LOCALIZATION_PREFERS_STRING_CATALOGS = YES;
				MTL_ENABLE_DEBUG_INFO = NO;
				MTL_FAST_MATH = YES;
				SDKROOT = iphoneos;
				SWIFT_COMPILATION_MODE = wholemodule;
				VALIDATE_PRODUCT = YES;
			};
			name = Release;
		};
/* End XCBuildConfiguration section */

/* Begin XCConfigurationList section */
		D59C769C2DD0919E0067E656 /* Build configuration list for PBXProject "money" */ = {
			isa = XCConfigurationList;
			buildConfigurations = (
				D59C76B52DD091A00067E656 /* Debug */,
				D59C76B62DD091A00067E656 /* Release */,
			);
			defaultConfigurationIsVisible = 0;
			defaultConfigurationName = Release;
		};
		D59C76B22DD091A00067E656 /* Build configuration list for PBXNativeTarget "money" */ = {
			isa = XCConfigurationList;
			buildConfigurations = (
				D59C76B32DD091A00067E656 /* Debug */,
				D59C76B42DD091A00067E656 /* Release */,
			);
			defaultConfigurationIsVisible = 0;
			defaultConfigurationName = Release;
		};
/* End XCConfigurationList section */

/* Begin XCRemoteSwiftPackageReference section */
		D5A7F9AA2DD9D0080010E29D /* XCRemoteSwiftPackageReference "AnimateText" */ = {
			isa = XCRemoteSwiftPackageReference;
			repositoryURL = "https://github.com/jasudev/AnimateText.git";
			requirement = {
				kind = upToNextMajorVersion;
				minimumVersion = 0.5.0;
			};
		};
		D5A7F9DA2DDADA130010E29D /* XCRemoteSwiftPackageReference "FluidGradient" */ = {
			isa = XCRemoteSwiftPackageReference;
			repositoryURL = "https://github.com/Cindori/FluidGradient.git";
			requirement = {
				kind = upToNextMajorVersion;
				minimumVersion = 1.0.0;
			};
		};
/* End XCRemoteSwiftPackageReference section */

/* Begin XCSwiftPackageProductDependency section */
		D5A7F9AB2DD9D0080010E29D /* AnimateText */ = {
			isa = XCSwiftPackageProductDependency;
			package = D5A7F9AA2DD9D0080010E29D /* XCRemoteSwiftPackageReference "AnimateText" */;
			productName = AnimateText;
		};
		D5A7F9DB2DDADA130010E29D /* FluidGradient */ = {
			isa = XCSwiftPackageProductDependency;
			package = D5A7F9DA2DDADA130010E29D /* XCRemoteSwiftPackageReference "FluidGradient" */;
			productName = FluidGradient;
		};
/* End XCSwiftPackageProductDependency section */
	};
	rootObject = D59C76992DD0919E0067E656 /* Project object */;
}
